
Microsoft Visual Studio Solution File, Format Version 11.00
# Visual Studio 2010
Project("{FAE04EC0-301F-11D3-BF4B-00C04F79EFBC}") = "Strokes.VSX", "Strokes.VSX\Strokes.VSX.csproj", "{4AE216B7-8FCC-446A-8A58-8705C1DB844E}"
EndProject
Project("{FAE04EC0-301F-11D3-BF4B-00C04F79EFBC}") = "Strokes.Console", "Strokes.Console\Strokes.Console.csproj", "{6ED1F2F7-1861-4807-B825-C16C341E8785}"
EndProject
Project("{FAE04EC0-301F-11D3-BF4B-00C04F79EFBC}") = "Strokes.Core", "Strokes.Core\Strokes.Core.csproj", "{89159588-EFA4-431C-9128-3A564B53D1A4}"
EndProject
Project("{FAE04EC0-301F-11D3-BF4B-00C04F79EFBC}") = "Strokes.GUI", "Strokes.GUI\Strokes.GUI.csproj", "{CCA3165B-3D87-45AB-AD18-168CF04A1417}"
EndProject
Project("{FAE04EC0-301F-11D3-BF4B-00C04F79EFBC}") = "Strokes.BasicAchievements", "Strokes.BasicAchievements\Strokes.BasicAchievements.csproj", "{5FFF3977-BDE0-4DC7-9B0F-D66ECD0C5AF8}"
EndProject
Project("{2150E333-8FDC-42A3-9474-1A3956D46DE8}") = "Achievement Projects", "Achievement Projects", "{2B7159F2-6552-4902-BE15-C295BC3DF242}"
EndProject
Project("{FAE04EC0-301F-11D3-BF4B-00C04F79EFBC}") = "Strokes.Data", "Strokes.Data\Strokes.Data.csproj", "{798B2FC9-2538-4F93-9AF4-D7EA102C1CE7}"
EndProject
Project("{FAE04EC0-301F-11D3-BF4B-00C04F79EFBC}") = "Strokes.Challenges", "Strokes.Challenges\Strokes.Challenges.csproj", "{281244B6-DD45-45C1-850C-031EEEE50F0F}"
EndProject
Project("{FAE04EC0-301F-11D3-BF4B-00C04F79EFBC}") = "Strokes.ChallengeRunner", "Strokes.ChallengeRunner\Strokes.ChallengeRunner.csproj", "{830D128B-8D1C-4151-A2E7-3054DBF34126}"
EndProject
Project("{FAE04EC0-301F-11D3-BF4B-00C04F79EFBC}") = "Strokes.VsTemplate", "Strokes.VsTemplate\Strokes.VsTemplate.csproj", "{456819E0-122D-4BA0-BDC8-ED8C7B713DF0}"
EndProject
Project("{2150E333-8FDC-42A3-9474-1A3956D46DE8}") = "Tests", "Tests", "{F6A2C653-4A03-4353-A1C4-AF0CDDB6D554}"
EndProject
Project("{FAE04EC0-301F-11D3-BF4B-00C04F79EFBC}") = "Strokes.BasicAchievements.Test", "Strokes.BasicAchievements.Test\Strokes.BasicAchievements.Test.csproj", "{B12BBE97-BA65-443A-9FE5-512988367D90}"
EndProject
Project("{2150E333-8FDC-42A3-9474-1A3956D46DE8}") = "Solution Items", "Solution Items", "{EBDE272F-2328-4A75-AD2C-23147F27F73E}"
	ProjectSection(SolutionItems) = preProject
		Local.testsettings = Local.testsettings
		TraceAndTestImpact.testsettings = TraceAndTestImpact.testsettings
	EndProjectSection
EndProject
Project("{2150E333-8FDC-42A3-9474-1A3956D46DE8}") = "Tools", "Tools", "{B5F39219-4A52-4EDA-B1F4-D8D3C2D32DE1}"
EndProject
Global
	GlobalSection(SolutionConfigurationPlatforms) = preSolution
		Debug|Any CPU = Debug|Any CPU
		Release|Any CPU = Release|Any CPU
	EndGlobalSection
	GlobalSection(ProjectConfigurationPlatforms) = postSolution
		{4AE216B7-8FCC-446A-8A58-8705C1DB844E}.Debug|Any CPU.ActiveCfg = Debug|Any CPU
		{4AE216B7-8FCC-446A-8A58-8705C1DB844E}.Debug|Any CPU.Build.0 = Debug|Any CPU
		{4AE216B7-8FCC-446A-8A58-8705C1DB844E}.Release|Any CPU.ActiveCfg = Release|Any CPU
		{4AE216B7-8FCC-446A-8A58-8705C1DB844E}.Release|Any CPU.Build.0 = Release|Any CPU
		{6ED1F2F7-1861-4807-B825-C16C341E8785}.Debug|Any CPU.ActiveCfg = Debug|Any CPU
		{6ED1F2F7-1861-4807-B825-C16C341E8785}.Debug|Any CPU.Build.0 = Debug|Any CPU
		{6ED1F2F7-1861-4807-B825-C16C341E8785}.Release|Any CPU.ActiveCfg = Release|Any CPU
		{6ED1F2F7-1861-4807-B825-C16C341E8785}.Release|Any CPU.Build.0 = Release|Any CPU
		{89159588-EFA4-431C-9128-3A564B53D1A4}.Debug|Any CPU.ActiveCfg = Debug|Any CPU
		{89159588-EFA4-431C-9128-3A564B53D1A4}.Debug|Any CPU.Build.0 = Debug|Any CPU
		{89159588-EFA4-431C-9128-3A564B53D1A4}.Release|Any CPU.ActiveCfg = Release|Any CPU
		{89159588-EFA4-431C-9128-3A564B53D1A4}.Release|Any CPU.Build.0 = Release|Any CPU
		{CCA3165B-3D87-45AB-AD18-168CF04A1417}.Debug|Any CPU.ActiveCfg = Debug|Any CPU
		{CCA3165B-3D87-45AB-AD18-168CF04A1417}.Debug|Any CPU.Build.0 = Debug|Any CPU
		{CCA3165B-3D87-45AB-AD18-168CF04A1417}.Release|Any CPU.ActiveCfg = Release|Any CPU
		{CCA3165B-3D87-45AB-AD18-168CF04A1417}.Release|Any CPU.Build.0 = Release|Any CPU
		{5FFF3977-BDE0-4DC7-9B0F-D66ECD0C5AF8}.Debug|Any CPU.ActiveCfg = Debug|Any CPU
		{5FFF3977-BDE0-4DC7-9B0F-D66ECD0C5AF8}.Debug|Any CPU.Build.0 = Debug|Any CPU
		{5FFF3977-BDE0-4DC7-9B0F-D66ECD0C5AF8}.Release|Any CPU.ActiveCfg = Release|Any CPU
		{5FFF3977-BDE0-4DC7-9B0F-D66ECD0C5AF8}.Release|Any CPU.Build.0 = Release|Any CPU
		{798B2FC9-2538-4F93-9AF4-D7EA102C1CE7}.Debug|Any CPU.ActiveCfg = Debug|Any CPU
		{798B2FC9-2538-4F93-9AF4-D7EA102C1CE7}.Debug|Any CPU.Build.0 = Debug|Any CPU
		{798B2FC9-2538-4F93-9AF4-D7EA102C1CE7}.Release|Any CPU.ActiveCfg = Release|Any CPU
		{798B2FC9-2538-4F93-9AF4-D7EA102C1CE7}.Release|Any CPU.Build.0 = Release|Any CPU
		{281244B6-DD45-45C1-850C-031EEEE50F0F}.Debug|Any CPU.ActiveCfg = Debug|Any CPU
		{281244B6-DD45-45C1-850C-031EEEE50F0F}.Debug|Any CPU.Build.0 = Debug|Any CPU
		{281244B6-DD45-45C1-850C-031EEEE50F0F}.Release|Any CPU.ActiveCfg = Release|Any CPU
		{281244B6-DD45-45C1-850C-031EEEE50F0F}.Release|Any CPU.Build.0 = Release|Any CPU
		{830D128B-8D1C-4151-A2E7-3054DBF34126}.Debug|Any CPU.ActiveCfg = Debug|Any CPU
		{830D128B-8D1C-4151-A2E7-3054DBF34126}.Debug|Any CPU.Build.0 = Debug|Any CPU
		{830D128B-8D1C-4151-A2E7-3054DBF34126}.Release|Any CPU.ActiveCfg = Release|Any CPU
		{830D128B-8D1C-4151-A2E7-3054DBF34126}.Release|Any CPU.Build.0 = Release|Any CPU
		{456819E0-122D-4BA0-BDC8-ED8C7B713DF0}.Debug|Any CPU.ActiveCfg = Debug|Any CPU
		{456819E0-122D-4BA0-BDC8-ED8C7B713DF0}.Debug|Any CPU.Build.0 = Debug|Any CPU
		{456819E0-122D-4BA0-BDC8-ED8C7B713DF0}.Release|Any CPU.ActiveCfg = Release|Any CPU
		{456819E0-122D-4BA0-BDC8-ED8C7B713DF0}.Release|Any CPU.Build.0 = Release|Any CPU
		{B12BBE97-BA65-443A-9FE5-512988367D90}.Debug|Any CPU.ActiveCfg = Debug|Any CPU
		{B12BBE97-BA65-443A-9FE5-512988367D90}.Debug|Any CPU.Build.0 = Debug|Any CPU
		{B12BBE97-BA65-443A-9FE5-512988367D90}.Release|Any CPU.ActiveCfg = Release|Any CPU
		{B12BBE97-BA65-443A-9FE5-512988367D90}.Release|Any CPU.Build.0 = Release|Any CPU
	EndGlobalSection
	GlobalSection(SolutionProperties) = preSolution
		HideSolutionNode = FALSE
	EndGlobalSection
	GlobalSection(NestedProjects) = preSolution
		{5FFF3977-BDE0-4DC7-9B0F-D66ECD0C5AF8} = {2B7159F2-6552-4902-BE15-C295BC3DF242}
		{281244B6-DD45-45C1-850C-031EEEE50F0F} = {2B7159F2-6552-4902-BE15-C295BC3DF242}
		{830D128B-8D1C-4151-A2E7-3054DBF34126} = {2B7159F2-6552-4902-BE15-C295BC3DF242}
		{456819E0-122D-4BA0-BDC8-ED8C7B713DF0} = {2B7159F2-6552-4902-BE15-C295BC3DF242}
		{B12BBE97-BA65-443A-9FE5-512988367D90} = {F6A2C653-4A03-4353-A1C4-AF0CDDB6D554}
		{EBDE272F-2328-4A75-AD2C-23147F27F73E} = {F6A2C653-4A03-4353-A1C4-AF0CDDB6D554}
	EndGlobalSection
EndGlobal
