
Microsoft Visual Studio Solution File, Format Version 11.00
# Visual Studio 2010
Project("{FAE04EC0-301F-11D3-BF4B-00C04F79EFBC}") = "Strokes.VSX", "Strokes.VSX\Strokes.VSX.csproj", "{4AE216B7-8FCC-446A-8A58-8705C1DB844E}"
EndProject
Project("{FAE04EC0-301F-11D3-BF4B-00C04F79EFBC}") = "Strokes.Console", "Strokes.Console\Strokes.Console.csproj", "{6ED1F2F7-1861-4807-B825-C16C341E8785}"
EndProject
Project("{FAE04EC0-301F-11D3-BF4B-00C04F79EFBC}") = "Strokes.Core", "Strokes.Core\Strokes.Core.csproj", "{89159588-EFA4-431C-9128-3A564B53D1A4}"
EndProject
Project("{FAE04EC0-301F-11D3-BF4B-00C04F79EFBC}") = "Strokes.GUI", "Strokes.GUI\Strokes.GUI.csproj", "{CCA3165B-3D87-45AB-AD18-168CF04A1417}"
EndProject
Project("{FAE04EC0-301F-11D3-BF4B-00C04F79EFBC}") = "Strokes.BasicAchievements", "Strokes.BasicAchievements\Strokes.BasicAchievements.csproj", "{5FFF3977-BDE0-4DC7-9B0F-D66ECD0C5AF8}"
EndProject
Project("{2150E333-8FDC-42A3-9474-1A3956D46DE8}") = "Achievement Projects", "Achievement Projects", "{2B7159F2-6552-4902-BE15-C295BC3DF242}"
EndProject
Project("{FAE04EC0-301F-11D3-BF4B-00C04F79EFBC}") = "Strokes.Data", "Strokes.Data\Strokes.Data.csproj", "{798B2FC9-2538-4F93-9AF4-D7EA102C1CE7}"
EndProject
Project("{FAE04EC0-301F-11D3-BF4B-00C04F79EFBC}") = "Strokes.Challenges", "Strokes.Challenges\Strokes.Challenges.csproj", "{281244B6-DD45-45C1-850C-031EEEE50F0F}"
EndProject
Project("{FAE04EC0-301F-11D3-BF4B-00C04F79EFBC}") = "Strokes.ChallengeRunner", "Strokes.ChallengeRunner\Strokes.ChallengeRunner.csproj", "{830D128B-8D1C-4151-A2E7-3054DBF34126}"
EndProject
Project("{FAE04EC0-301F-11D3-BF4B-00C04F79EFBC}") = "Strokes.VsTemplate", "Strokes.VsTemplate\Strokes.VsTemplate.csproj", "{456819E0-122D-4BA0-BDC8-ED8C7B713DF0}"
EndProject
Project("{2150E333-8FDC-42A3-9474-1A3956D46DE8}") = "Tests", "Tests", "{F6A2C653-4A03-4353-A1C4-AF0CDDB6D554}"
EndProject
Project("{FAE04EC0-301F-11D3-BF4B-00C04F79EFBC}") = "Strokes.BasicAchievements.Test", "Strokes.BasicAchievements.Test\Strokes.BasicAchievements.Test.csproj", "{B12BBE97-BA65-443A-9FE5-512988367D90}"
EndProject
Project("{FAE04EC0-301F-11D3-BF4B-00C04F79EFBC}") = "Strokes.VsTemplate.Wizard", "Strokes.VsTemplate.Wizard\Strokes.VsTemplate.Wizard.csproj", "{29E78F40-5EA8-421A-907A-F215997A4169}"
EndProject
Project("{FAE04EC0-301F-11D3-BF4B-00C04F79EFBC}") = "Strokes.VsTemplate.Challenges", "Strokes.VsTemplate.Challenges\Strokes.VsTemplate.Challenges.csproj", "{82328D53-3070-4F22-8E43-A8EAA5FFD4EB}"
EndProject
Project("{2150E333-8FDC-42A3-9474-1A3956D46DE8}") = "Visual Studio Templates", "Visual Studio Templates", "{822FE166-C208-4526-9F27-2236D629A2F5}"
EndProject
Project("{FAE04EC0-301F-11D3-BF4B-00C04F79EFBC}") = "Strokes.FeatureAchievements", "Strokes.FeatureAchievements\Strokes.FeatureAchievements.csproj", "{F5176207-E4E3-4271-B121-71AF1A116515}"
EndProject
Project("{2150E333-8FDC-42A3-9474-1A3956D46DE8}") = "Core Projects", "Core Projects", "{58A2F539-A97F-4518-B730-B46DD4A27D62}"
EndProject
Project("{2150E333-8FDC-42A3-9474-1A3956D46DE8}") = "Utility", "Utility", "{18445D9E-E3B3-4763-9F45-4D4DC71DB9E2}"
EndProject
Project("{FAE04EC0-301F-11D3-BF4B-00C04F79EFBC}") = "Strokes.Service", "Strokes.Service\Strokes.Service.csproj", "{6AC1A6EF-D271-46D2-803D-E9B149DE3816}"
EndProject
Project("{FAE04EC0-301F-11D3-BF4B-00C04F79EFBC}") = "Strokes.TreeViewTool", "Strokes.TreeViewTool\Strokes.TreeViewTool.csproj", "{4F3E7FA2-B34E-49C5-8CDD-0FEC0649924E}"
EndProject
Global
	GlobalSection(SolutionConfigurationPlatforms) = preSolution
		Debug|Any CPU = Debug|Any CPU
		Debug|Mixed Platforms = Debug|Mixed Platforms
		Debug|x86 = Debug|x86
		Release|Any CPU = Release|Any CPU
		Release|Mixed Platforms = Release|Mixed Platforms
		Release|x86 = Release|x86
	EndGlobalSection
	GlobalSection(ProjectConfigurationPlatforms) = postSolution
		{4AE216B7-8FCC-446A-8A58-8705C1DB844E}.Debug|Any CPU.ActiveCfg = Debug|Any CPU
		{4AE216B7-8FCC-446A-8A58-8705C1DB844E}.Debug|Any CPU.Build.0 = Debug|Any CPU
		{4AE216B7-8FCC-446A-8A58-8705C1DB844E}.Debug|Mixed Platforms.ActiveCfg = Debug|Any CPU
		{4AE216B7-8FCC-446A-8A58-8705C1DB844E}.Debug|Mixed Platforms.Build.0 = Debug|Any CPU
		{4AE216B7-8FCC-446A-8A58-8705C1DB844E}.Debug|x86.ActiveCfg = Debug|Any CPU
		{4AE216B7-8FCC-446A-8A58-8705C1DB844E}.Release|Any CPU.ActiveCfg = Release|Any CPU
		{4AE216B7-8FCC-446A-8A58-8705C1DB844E}.Release|Any CPU.Build.0 = Release|Any CPU
		{4AE216B7-8FCC-446A-8A58-8705C1DB844E}.Release|Mixed Platforms.ActiveCfg = Release|Any CPU
		{4AE216B7-8FCC-446A-8A58-8705C1DB844E}.Release|Mixed Platforms.Build.0 = Release|Any CPU
		{4AE216B7-8FCC-446A-8A58-8705C1DB844E}.Release|x86.ActiveCfg = Release|Any CPU
		{6ED1F2F7-1861-4807-B825-C16C341E8785}.Debug|Any CPU.ActiveCfg = Debug|Any CPU
		{6ED1F2F7-1861-4807-B825-C16C341E8785}.Debug|Any CPU.Build.0 = Debug|Any CPU
		{6ED1F2F7-1861-4807-B825-C16C341E8785}.Debug|Mixed Platforms.ActiveCfg = Debug|Any CPU
		{6ED1F2F7-1861-4807-B825-C16C341E8785}.Debug|Mixed Platforms.Build.0 = Debug|Any CPU
		{6ED1F2F7-1861-4807-B825-C16C341E8785}.Debug|x86.ActiveCfg = Debug|Any CPU
		{6ED1F2F7-1861-4807-B825-C16C341E8785}.Release|Any CPU.ActiveCfg = Release|Any CPU
		{6ED1F2F7-1861-4807-B825-C16C341E8785}.Release|Any CPU.Build.0 = Release|Any CPU
		{6ED1F2F7-1861-4807-B825-C16C341E8785}.Release|Mixed Platforms.ActiveCfg = Release|Any CPU
		{6ED1F2F7-1861-4807-B825-C16C341E8785}.Release|Mixed Platforms.Build.0 = Release|Any CPU
		{6ED1F2F7-1861-4807-B825-C16C341E8785}.Release|x86.ActiveCfg = Release|Any CPU
		{89159588-EFA4-431C-9128-3A564B53D1A4}.Debug|Any CPU.ActiveCfg = Debug|Any CPU
		{89159588-EFA4-431C-9128-3A564B53D1A4}.Debug|Any CPU.Build.0 = Debug|Any CPU
		{89159588-EFA4-431C-9128-3A564B53D1A4}.Debug|Mixed Platforms.ActiveCfg = Debug|Any CPU
		{89159588-EFA4-431C-9128-3A564B53D1A4}.Debug|Mixed Platforms.Build.0 = Debug|Any CPU
		{89159588-EFA4-431C-9128-3A564B53D1A4}.Debug|x86.ActiveCfg = Debug|Any CPU
		{89159588-EFA4-431C-9128-3A564B53D1A4}.Release|Any CPU.ActiveCfg = Release|Any CPU
		{89159588-EFA4-431C-9128-3A564B53D1A4}.Release|Any CPU.Build.0 = Release|Any CPU
		{89159588-EFA4-431C-9128-3A564B53D1A4}.Release|Mixed Platforms.ActiveCfg = Release|Any CPU
		{89159588-EFA4-431C-9128-3A564B53D1A4}.Release|Mixed Platforms.Build.0 = Release|Any CPU
		{89159588-EFA4-431C-9128-3A564B53D1A4}.Release|x86.ActiveCfg = Release|Any CPU
		{CCA3165B-3D87-45AB-AD18-168CF04A1417}.Debug|Any CPU.ActiveCfg = Debug|Any CPU
		{CCA3165B-3D87-45AB-AD18-168CF04A1417}.Debug|Any CPU.Build.0 = Debug|Any CPU
		{CCA3165B-3D87-45AB-AD18-168CF04A1417}.Debug|Mixed Platforms.ActiveCfg = Debug|x86
		{CCA3165B-3D87-45AB-AD18-168CF04A1417}.Debug|Mixed Platforms.Build.0 = Debug|x86
		{CCA3165B-3D87-45AB-AD18-168CF04A1417}.Debug|x86.ActiveCfg = Debug|x86
		{CCA3165B-3D87-45AB-AD18-168CF04A1417}.Debug|x86.Build.0 = Debug|x86
		{CCA3165B-3D87-45AB-AD18-168CF04A1417}.Release|Any CPU.ActiveCfg = Release|Any CPU
		{CCA3165B-3D87-45AB-AD18-168CF04A1417}.Release|Any CPU.Build.0 = Release|Any CPU
		{CCA3165B-3D87-45AB-AD18-168CF04A1417}.Release|Mixed Platforms.ActiveCfg = Release|x86
		{CCA3165B-3D87-45AB-AD18-168CF04A1417}.Release|Mixed Platforms.Build.0 = Release|x86
		{CCA3165B-3D87-45AB-AD18-168CF04A1417}.Release|x86.ActiveCfg = Release|x86
		{CCA3165B-3D87-45AB-AD18-168CF04A1417}.Release|x86.Build.0 = Release|x86
		{5FFF3977-BDE0-4DC7-9B0F-D66ECD0C5AF8}.Debug|Any CPU.ActiveCfg = Debug|Any CPU
		{5FFF3977-BDE0-4DC7-9B0F-D66ECD0C5AF8}.Debug|Any CPU.Build.0 = Debug|Any CPU
		{5FFF3977-BDE0-4DC7-9B0F-D66ECD0C5AF8}.Debug|Mixed Platforms.ActiveCfg = Debug|Any CPU
		{5FFF3977-BDE0-4DC7-9B0F-D66ECD0C5AF8}.Debug|Mixed Platforms.Build.0 = Debug|Any CPU
		{5FFF3977-BDE0-4DC7-9B0F-D66ECD0C5AF8}.Debug|x86.ActiveCfg = Debug|Any CPU
		{5FFF3977-BDE0-4DC7-9B0F-D66ECD0C5AF8}.Release|Any CPU.ActiveCfg = Release|Any CPU
		{5FFF3977-BDE0-4DC7-9B0F-D66ECD0C5AF8}.Release|Any CPU.Build.0 = Release|Any CPU
		{5FFF3977-BDE0-4DC7-9B0F-D66ECD0C5AF8}.Release|Mixed Platforms.ActiveCfg = Release|Any CPU
		{5FFF3977-BDE0-4DC7-9B0F-D66ECD0C5AF8}.Release|Mixed Platforms.Build.0 = Release|Any CPU
		{5FFF3977-BDE0-4DC7-9B0F-D66ECD0C5AF8}.Release|x86.ActiveCfg = Release|Any CPU
		{798B2FC9-2538-4F93-9AF4-D7EA102C1CE7}.Debug|Any CPU.ActiveCfg = Debug|Any CPU
		{798B2FC9-2538-4F93-9AF4-D7EA102C1CE7}.Debug|Any CPU.Build.0 = Debug|Any CPU
		{798B2FC9-2538-4F93-9AF4-D7EA102C1CE7}.Debug|Mixed Platforms.ActiveCfg = Debug|Any CPU
		{798B2FC9-2538-4F93-9AF4-D7EA102C1CE7}.Debug|Mixed Platforms.Build.0 = Debug|Any CPU
		{798B2FC9-2538-4F93-9AF4-D7EA102C1CE7}.Debug|x86.ActiveCfg = Debug|Any CPU
		{798B2FC9-2538-4F93-9AF4-D7EA102C1CE7}.Release|Any CPU.ActiveCfg = Release|Any CPU
		{798B2FC9-2538-4F93-9AF4-D7EA102C1CE7}.Release|Any CPU.Build.0 = Release|Any CPU
		{798B2FC9-2538-4F93-9AF4-D7EA102C1CE7}.Release|Mixed Platforms.ActiveCfg = Release|Any CPU
		{798B2FC9-2538-4F93-9AF4-D7EA102C1CE7}.Release|Mixed Platforms.Build.0 = Release|Any CPU
		{798B2FC9-2538-4F93-9AF4-D7EA102C1CE7}.Release|x86.ActiveCfg = Release|Any CPU
		{281244B6-DD45-45C1-850C-031EEEE50F0F}.Debug|Any CPU.ActiveCfg = Debug|Any CPU
		{281244B6-DD45-45C1-850C-031EEEE50F0F}.Debug|Any CPU.Build.0 = Debug|Any CPU
		{281244B6-DD45-45C1-850C-031EEEE50F0F}.Debug|Mixed Platforms.ActiveCfg = Debug|Any CPU
		{281244B6-DD45-45C1-850C-031EEEE50F0F}.Debug|Mixed Platforms.Build.0 = Debug|Any CPU
		{281244B6-DD45-45C1-850C-031EEEE50F0F}.Debug|x86.ActiveCfg = Debug|Any CPU
		{281244B6-DD45-45C1-850C-031EEEE50F0F}.Release|Any CPU.ActiveCfg = Release|Any CPU
		{281244B6-DD45-45C1-850C-031EEEE50F0F}.Release|Any CPU.Build.0 = Release|Any CPU
		{281244B6-DD45-45C1-850C-031EEEE50F0F}.Release|Mixed Platforms.ActiveCfg = Release|Any CPU
		{281244B6-DD45-45C1-850C-031EEEE50F0F}.Release|Mixed Platforms.Build.0 = Release|Any CPU
		{281244B6-DD45-45C1-850C-031EEEE50F0F}.Release|x86.ActiveCfg = Release|Any CPU
		{830D128B-8D1C-4151-A2E7-3054DBF34126}.Debug|Any CPU.ActiveCfg = Debug|Any CPU
		{830D128B-8D1C-4151-A2E7-3054DBF34126}.Debug|Any CPU.Build.0 = Debug|Any CPU
		{830D128B-8D1C-4151-A2E7-3054DBF34126}.Debug|Mixed Platforms.ActiveCfg = Debug|Any CPU
		{830D128B-8D1C-4151-A2E7-3054DBF34126}.Debug|Mixed Platforms.Build.0 = Debug|Any CPU
		{830D128B-8D1C-4151-A2E7-3054DBF34126}.Debug|x86.ActiveCfg = Debug|Any CPU
		{830D128B-8D1C-4151-A2E7-3054DBF34126}.Release|Any CPU.ActiveCfg = Release|Any CPU
		{830D128B-8D1C-4151-A2E7-3054DBF34126}.Release|Any CPU.Build.0 = Release|Any CPU
		{830D128B-8D1C-4151-A2E7-3054DBF34126}.Release|Mixed Platforms.ActiveCfg = Release|Any CPU
		{830D128B-8D1C-4151-A2E7-3054DBF34126}.Release|Mixed Platforms.Build.0 = Release|Any CPU
		{830D128B-8D1C-4151-A2E7-3054DBF34126}.Release|x86.ActiveCfg = Release|Any CPU
		{456819E0-122D-4BA0-BDC8-ED8C7B713DF0}.Debug|Any CPU.ActiveCfg = Debug|Any CPU
		{456819E0-122D-4BA0-BDC8-ED8C7B713DF0}.Debug|Any CPU.Build.0 = Debug|Any CPU
		{456819E0-122D-4BA0-BDC8-ED8C7B713DF0}.Debug|Mixed Platforms.ActiveCfg = Debug|Any CPU
		{456819E0-122D-4BA0-BDC8-ED8C7B713DF0}.Debug|Mixed Platforms.Build.0 = Debug|Any CPU
		{456819E0-122D-4BA0-BDC8-ED8C7B713DF0}.Debug|x86.ActiveCfg = Debug|Any CPU
		{456819E0-122D-4BA0-BDC8-ED8C7B713DF0}.Release|Any CPU.ActiveCfg = Release|Any CPU
		{456819E0-122D-4BA0-BDC8-ED8C7B713DF0}.Release|Any CPU.Build.0 = Release|Any CPU
		{456819E0-122D-4BA0-BDC8-ED8C7B713DF0}.Release|Mixed Platforms.ActiveCfg = Release|Any CPU
		{456819E0-122D-4BA0-BDC8-ED8C7B713DF0}.Release|Mixed Platforms.Build.0 = Release|Any CPU
		{456819E0-122D-4BA0-BDC8-ED8C7B713DF0}.Release|x86.ActiveCfg = Release|Any CPU
		{B12BBE97-BA65-443A-9FE5-512988367D90}.Debug|Any CPU.ActiveCfg = Debug|Any CPU
		{B12BBE97-BA65-443A-9FE5-512988367D90}.Debug|Any CPU.Build.0 = Debug|Any CPU
		{B12BBE97-BA65-443A-9FE5-512988367D90}.Debug|Mixed Platforms.ActiveCfg = Debug|Any CPU
		{B12BBE97-BA65-443A-9FE5-512988367D90}.Debug|Mixed Platforms.Build.0 = Debug|Any CPU
		{B12BBE97-BA65-443A-9FE5-512988367D90}.Debug|x86.ActiveCfg = Debug|Any CPU
		{B12BBE97-BA65-443A-9FE5-512988367D90}.Release|Any CPU.ActiveCfg = Release|Any CPU
		{B12BBE97-BA65-443A-9FE5-512988367D90}.Release|Any CPU.Build.0 = Release|Any CPU
		{B12BBE97-BA65-443A-9FE5-512988367D90}.Release|Mixed Platforms.ActiveCfg = Release|Any CPU
		{B12BBE97-BA65-443A-9FE5-512988367D90}.Release|Mixed Platforms.Build.0 = Release|Any CPU
		{B12BBE97-BA65-443A-9FE5-512988367D90}.Release|x86.ActiveCfg = Release|Any CPU
		{29E78F40-5EA8-421A-907A-F215997A4169}.Debug|Any CPU.ActiveCfg = Debug|Any CPU
		{29E78F40-5EA8-421A-907A-F215997A4169}.Debug|Any CPU.Build.0 = Debug|Any CPU
		{29E78F40-5EA8-421A-907A-F215997A4169}.Debug|Mixed Platforms.ActiveCfg = Debug|Any CPU
		{29E78F40-5EA8-421A-907A-F215997A4169}.Debug|Mixed Platforms.Build.0 = Debug|Any CPU
		{29E78F40-5EA8-421A-907A-F215997A4169}.Debug|x86.ActiveCfg = Debug|Any CPU
		{29E78F40-5EA8-421A-907A-F215997A4169}.Release|Any CPU.ActiveCfg = Release|Any CPU
		{29E78F40-5EA8-421A-907A-F215997A4169}.Release|Any CPU.Build.0 = Release|Any CPU
		{29E78F40-5EA8-421A-907A-F215997A4169}.Release|Mixed Platforms.ActiveCfg = Release|Any CPU
		{29E78F40-5EA8-421A-907A-F215997A4169}.Release|Mixed Platforms.Build.0 = Release|Any CPU
		{29E78F40-5EA8-421A-907A-F215997A4169}.Release|x86.ActiveCfg = Release|Any CPU
		{82328D53-3070-4F22-8E43-A8EAA5FFD4EB}.Debug|Any CPU.ActiveCfg = Debug|Any CPU
		{82328D53-3070-4F22-8E43-A8EAA5FFD4EB}.Debug|Any CPU.Build.0 = Debug|Any CPU
		{82328D53-3070-4F22-8E43-A8EAA5FFD4EB}.Debug|Mixed Platforms.ActiveCfg = Debug|Any CPU
		{82328D53-3070-4F22-8E43-A8EAA5FFD4EB}.Debug|Mixed Platforms.Build.0 = Debug|Any CPU
		{82328D53-3070-4F22-8E43-A8EAA5FFD4EB}.Debug|x86.ActiveCfg = Debug|Any CPU
		{82328D53-3070-4F22-8E43-A8EAA5FFD4EB}.Release|Any CPU.ActiveCfg = Release|Any CPU
		{82328D53-3070-4F22-8E43-A8EAA5FFD4EB}.Release|Any CPU.Build.0 = Release|Any CPU
		{82328D53-3070-4F22-8E43-A8EAA5FFD4EB}.Release|Mixed Platforms.ActiveCfg = Release|Any CPU
		{82328D53-3070-4F22-8E43-A8EAA5FFD4EB}.Release|Mixed Platforms.Build.0 = Release|Any CPU
		{82328D53-3070-4F22-8E43-A8EAA5FFD4EB}.Release|x86.ActiveCfg = Release|Any CPU
		{F5176207-E4E3-4271-B121-71AF1A116515}.Debug|Any CPU.ActiveCfg = Debug|Any CPU
		{F5176207-E4E3-4271-B121-71AF1A116515}.Debug|Any CPU.Build.0 = Debug|Any CPU
		{F5176207-E4E3-4271-B121-71AF1A116515}.Debug|Mixed Platforms.ActiveCfg = Debug|Any CPU
		{F5176207-E4E3-4271-B121-71AF1A116515}.Debug|Mixed Platforms.Build.0 = Debug|Any CPU
		{F5176207-E4E3-4271-B121-71AF1A116515}.Debug|x86.ActiveCfg = Debug|Any CPU
		{F5176207-E4E3-4271-B121-71AF1A116515}.Release|Any CPU.ActiveCfg = Release|Any CPU
		{F5176207-E4E3-4271-B121-71AF1A116515}.Release|Any CPU.Build.0 = Release|Any CPU
		{F5176207-E4E3-4271-B121-71AF1A116515}.Release|Mixed Platforms.ActiveCfg = Release|Any CPU
		{F5176207-E4E3-4271-B121-71AF1A116515}.Release|Mixed Platforms.Build.0 = Release|Any CPU
		{F5176207-E4E3-4271-B121-71AF1A116515}.Release|x86.ActiveCfg = Release|Any CPU
		{6AC1A6EF-D271-46D2-803D-E9B149DE3816}.Debug|Any CPU.ActiveCfg = Debug|Any CPU
		{6AC1A6EF-D271-46D2-803D-E9B149DE3816}.Debug|Any CPU.Build.0 = Debug|Any CPU
		{6AC1A6EF-D271-46D2-803D-E9B149DE3816}.Debug|Mixed Platforms.ActiveCfg = Debug|Any CPU
		{6AC1A6EF-D271-46D2-803D-E9B149DE3816}.Debug|Mixed Platforms.Build.0 = Debug|Any CPU
		{6AC1A6EF-D271-46D2-803D-E9B149DE3816}.Debug|x86.ActiveCfg = Debug|Any CPU
		{6AC1A6EF-D271-46D2-803D-E9B149DE3816}.Release|Any CPU.ActiveCfg = Release|Any CPU
		{6AC1A6EF-D271-46D2-803D-E9B149DE3816}.Release|Any CPU.Build.0 = Release|Any CPU
		{6AC1A6EF-D271-46D2-803D-E9B149DE3816}.Release|Mixed Platforms.ActiveCfg = Release|Any CPU
		{6AC1A6EF-D271-46D2-803D-E9B149DE3816}.Release|Mixed Platforms.Build.0 = Release|Any CPU
		{6AC1A6EF-D271-46D2-803D-E9B149DE3816}.Release|x86.ActiveCfg = Release|Any CPU
		{4F3E7FA2-B34E-49C5-8CDD-0FEC0649924E}.Debug|Any CPU.ActiveCfg = Debug|x86
		{4F3E7FA2-B34E-49C5-8CDD-0FEC0649924E}.Debug|Mixed Platforms.ActiveCfg = Debug|x86
		{4F3E7FA2-B34E-49C5-8CDD-0FEC0649924E}.Debug|Mixed Platforms.Build.0 = Debug|x86
		{4F3E7FA2-B34E-49C5-8CDD-0FEC0649924E}.Debug|x86.ActiveCfg = Debug|x86
		{4F3E7FA2-B34E-49C5-8CDD-0FEC0649924E}.Debug|x86.Build.0 = Debug|x86
		{4F3E7FA2-B34E-49C5-8CDD-0FEC0649924E}.Release|Any CPU.ActiveCfg = Release|x86
		{4F3E7FA2-B34E-49C5-8CDD-0FEC0649924E}.Release|Mixed Platforms.ActiveCfg = Release|x86
		{4F3E7FA2-B34E-49C5-8CDD-0FEC0649924E}.Release|Mixed Platforms.Build.0 = Release|x86
		{4F3E7FA2-B34E-49C5-8CDD-0FEC0649924E}.Release|x86.ActiveCfg = Release|x86
		{4F3E7FA2-B34E-49C5-8CDD-0FEC0649924E}.Release|x86.Build.0 = Release|x86
	EndGlobalSection
	GlobalSection(SolutionProperties) = preSolution
		HideSolutionNode = FALSE
	EndGlobalSection
	GlobalSection(NestedProjects) = preSolution
		{6ED1F2F7-1861-4807-B825-C16C341E8785} = {18445D9E-E3B3-4763-9F45-4D4DC71DB9E2}
		{4F3E7FA2-B34E-49C5-8CDD-0FEC0649924E} = {18445D9E-E3B3-4763-9F45-4D4DC71DB9E2}
		{798B2FC9-2538-4F93-9AF4-D7EA102C1CE7} = {58A2F539-A97F-4518-B730-B46DD4A27D62}
		{89159588-EFA4-431C-9128-3A564B53D1A4} = {58A2F539-A97F-4518-B730-B46DD4A27D62}
		{6AC1A6EF-D271-46D2-803D-E9B149DE3816} = {58A2F539-A97F-4518-B730-B46DD4A27D62}
		{5FFF3977-BDE0-4DC7-9B0F-D66ECD0C5AF8} = {2B7159F2-6552-4902-BE15-C295BC3DF242}
		{281244B6-DD45-45C1-850C-031EEEE50F0F} = {2B7159F2-6552-4902-BE15-C295BC3DF242}
		{830D128B-8D1C-4151-A2E7-3054DBF34126} = {2B7159F2-6552-4902-BE15-C295BC3DF242}
		{F5176207-E4E3-4271-B121-71AF1A116515} = {2B7159F2-6552-4902-BE15-C295BC3DF242}
		{29E78F40-5EA8-421A-907A-F215997A4169} = {822FE166-C208-4526-9F27-2236D629A2F5}
		{82328D53-3070-4F22-8E43-A8EAA5FFD4EB} = {822FE166-C208-4526-9F27-2236D629A2F5}
		{456819E0-122D-4BA0-BDC8-ED8C7B713DF0} = {822FE166-C208-4526-9F27-2236D629A2F5}
		{B12BBE97-BA65-443A-9FE5-512988367D90} = {F6A2C653-4A03-4353-A1C4-AF0CDDB6D554}
	EndGlobalSection
EndGlobal
