
Microsoft Visual Studio Solution File, Format Version 11.00
# Visual Studio 2010
Project("{FAE04EC0-301F-11D3-BF4B-00C04F79EFBC}") = "Strokes.VSX", "Strokes.VSX\Strokes.VSX.csproj", "{4AE216B7-8FCC-446A-8A58-8705C1DB844E}"
EndProject
Project("{FAE04EC0-301F-11D3-BF4B-00C04F79EFBC}") = "Strokes.Console", "Strokes.Console\Strokes.Console.csproj", "{6ED1F2F7-1861-4807-B825-C16C341E8785}"
EndProject
Project("{FAE04EC0-301F-11D3-BF4B-00C04F79EFBC}") = "Strokes.Core", "Strokes.Core\Strokes.Core.csproj", "{89159588-EFA4-431C-9128-3A564B53D1A4}"
EndProject
Project("{FAE04EC0-301F-11D3-BF4B-00C04F79EFBC}") = "Strokes.GUI", "Strokes.GUI\Strokes.GUI.csproj", "{CCA3165B-3D87-45AB-AD18-168CF04A1417}"
EndProject
Project("{FAE04EC0-301F-11D3-BF4B-00C04F79EFBC}") = "Strokes.BasicAchievements.VSX", "Strokes.BasicAchievements.VSX\Strokes.BasicAchievements.VSX.csproj", "{5FFF3977-BDE0-4DC7-9B0F-D66ECD0C5AF8}"
EndProject
Project("{2150E333-8FDC-42A3-9474-1A3956D46DE8}") = "Achievement Projects", "Achievement Projects", "{2B7159F2-6552-4902-BE15-C295BC3DF242}"
EndProject
Project("{FAE04EC0-301F-11D3-BF4B-00C04F79EFBC}") = "Strokes.Data", "Strokes.Data\Strokes.Data.csproj", "{798B2FC9-2538-4F93-9AF4-D7EA102C1CE7}"
EndProject
Project("{FAE04EC0-301F-11D3-BF4B-00C04F79EFBC}") = "Strokes.Challenges.Student", "Strokes.Challenges.Student\Strokes.Challenges.Student.csproj", "{281244B6-DD45-45C1-850C-031EEEE50F0F}"
EndProject
Project("{FAE04EC0-301F-11D3-BF4B-00C04F79EFBC}") = "Strokes.VsAdornments", "Strokes.VsAdornments\Strokes.VsAdornments.csproj", "{0337CE42-C1AF-44C7-96E0-91072F36D877}"
EndProject
Project("{FAE04EC0-301F-11D3-BF4B-00C04F79EFBC}") = "Strokes.ChallengeRunner", "Strokes.ChallengeRunner\Strokes.ChallengeRunner.csproj", "{830D128B-8D1C-4151-A2E7-3054DBF34126}"
EndProject
Global
	GlobalSection(TestCaseManagementSettings) = postSolution
		CategoryFile = CSharpAchiever.vsmdi
	EndGlobalSection
	GlobalSection(SolutionConfigurationPlatforms) = preSolution
		Debug|Any CPU = Debug|Any CPU
		Debug|Mixed Platforms = Debug|Mixed Platforms
		Debug|x86 = Debug|x86
		Release|Any CPU = Release|Any CPU
		Release|Mixed Platforms = Release|Mixed Platforms
		Release|x86 = Release|x86
	EndGlobalSection
	GlobalSection(ProjectConfigurationPlatforms) = postSolution
		{4AE216B7-8FCC-446A-8A58-8705C1DB844E}.Debug|Any CPU.ActiveCfg = Debug|Any CPU
		{4AE216B7-8FCC-446A-8A58-8705C1DB844E}.Debug|Any CPU.Build.0 = Debug|Any CPU
		{4AE216B7-8FCC-446A-8A58-8705C1DB844E}.Debug|Mixed Platforms.ActiveCfg = Debug|Any CPU
		{4AE216B7-8FCC-446A-8A58-8705C1DB844E}.Debug|Mixed Platforms.Build.0 = Debug|Any CPU
		{4AE216B7-8FCC-446A-8A58-8705C1DB844E}.Debug|x86.ActiveCfg = Debug|Any CPU
		{4AE216B7-8FCC-446A-8A58-8705C1DB844E}.Release|Any CPU.ActiveCfg = Release|Any CPU
		{4AE216B7-8FCC-446A-8A58-8705C1DB844E}.Release|Any CPU.Build.0 = Release|Any CPU
		{4AE216B7-8FCC-446A-8A58-8705C1DB844E}.Release|Mixed Platforms.ActiveCfg = Release|Any CPU
		{4AE216B7-8FCC-446A-8A58-8705C1DB844E}.Release|Mixed Platforms.Build.0 = Release|Any CPU
		{4AE216B7-8FCC-446A-8A58-8705C1DB844E}.Release|x86.ActiveCfg = Release|Any CPU
		{6ED1F2F7-1861-4807-B825-C16C341E8785}.Debug|Any CPU.ActiveCfg = Debug|x86
		{6ED1F2F7-1861-4807-B825-C16C341E8785}.Debug|Mixed Platforms.ActiveCfg = Debug|x86
		{6ED1F2F7-1861-4807-B825-C16C341E8785}.Debug|Mixed Platforms.Build.0 = Debug|x86
		{6ED1F2F7-1861-4807-B825-C16C341E8785}.Debug|x86.ActiveCfg = Debug|x86
		{6ED1F2F7-1861-4807-B825-C16C341E8785}.Debug|x86.Build.0 = Debug|x86
		{6ED1F2F7-1861-4807-B825-C16C341E8785}.Release|Any CPU.ActiveCfg = Release|x86
		{6ED1F2F7-1861-4807-B825-C16C341E8785}.Release|Mixed Platforms.ActiveCfg = Release|x86
		{6ED1F2F7-1861-4807-B825-C16C341E8785}.Release|Mixed Platforms.Build.0 = Release|x86
		{6ED1F2F7-1861-4807-B825-C16C341E8785}.Release|x86.ActiveCfg = Release|x86
		{6ED1F2F7-1861-4807-B825-C16C341E8785}.Release|x86.Build.0 = Release|x86
		{89159588-EFA4-431C-9128-3A564B53D1A4}.Debug|Any CPU.ActiveCfg = Debug|Any CPU
		{89159588-EFA4-431C-9128-3A564B53D1A4}.Debug|Any CPU.Build.0 = Debug|Any CPU
		{89159588-EFA4-431C-9128-3A564B53D1A4}.Debug|Mixed Platforms.ActiveCfg = Debug|Any CPU
		{89159588-EFA4-431C-9128-3A564B53D1A4}.Debug|Mixed Platforms.Build.0 = Debug|Any CPU
		{89159588-EFA4-431C-9128-3A564B53D1A4}.Debug|x86.ActiveCfg = Debug|Any CPU
		{89159588-EFA4-431C-9128-3A564B53D1A4}.Release|Any CPU.ActiveCfg = Release|Any CPU
		{89159588-EFA4-431C-9128-3A564B53D1A4}.Release|Any CPU.Build.0 = Release|Any CPU
		{89159588-EFA4-431C-9128-3A564B53D1A4}.Release|Mixed Platforms.ActiveCfg = Release|Any CPU
		{89159588-EFA4-431C-9128-3A564B53D1A4}.Release|Mixed Platforms.Build.0 = Release|Any CPU
		{89159588-EFA4-431C-9128-3A564B53D1A4}.Release|x86.ActiveCfg = Release|Any CPU
		{CCA3165B-3D87-45AB-AD18-168CF04A1417}.Debug|Any CPU.ActiveCfg = Debug|x86
		{CCA3165B-3D87-45AB-AD18-168CF04A1417}.Debug|Mixed Platforms.ActiveCfg = Debug|x86
		{CCA3165B-3D87-45AB-AD18-168CF04A1417}.Debug|Mixed Platforms.Build.0 = Debug|x86
		{CCA3165B-3D87-45AB-AD18-168CF04A1417}.Debug|x86.ActiveCfg = Debug|x86
		{CCA3165B-3D87-45AB-AD18-168CF04A1417}.Debug|x86.Build.0 = Debug|x86
		{CCA3165B-3D87-45AB-AD18-168CF04A1417}.Release|Any CPU.ActiveCfg = Release|x86
		{CCA3165B-3D87-45AB-AD18-168CF04A1417}.Release|Mixed Platforms.ActiveCfg = Release|x86
		{CCA3165B-3D87-45AB-AD18-168CF04A1417}.Release|Mixed Platforms.Build.0 = Release|x86
		{CCA3165B-3D87-45AB-AD18-168CF04A1417}.Release|x86.ActiveCfg = Release|x86
		{CCA3165B-3D87-45AB-AD18-168CF04A1417}.Release|x86.Build.0 = Release|x86
		{5FFF3977-BDE0-4DC7-9B0F-D66ECD0C5AF8}.Debug|Any CPU.ActiveCfg = Debug|Any CPU
		{5FFF3977-BDE0-4DC7-9B0F-D66ECD0C5AF8}.Debug|Any CPU.Build.0 = Debug|Any CPU
		{5FFF3977-BDE0-4DC7-9B0F-D66ECD0C5AF8}.Debug|Mixed Platforms.ActiveCfg = Debug|Any CPU
		{5FFF3977-BDE0-4DC7-9B0F-D66ECD0C5AF8}.Debug|Mixed Platforms.Build.0 = Debug|Any CPU
		{5FFF3977-BDE0-4DC7-9B0F-D66ECD0C5AF8}.Debug|x86.ActiveCfg = Debug|Any CPU
		{5FFF3977-BDE0-4DC7-9B0F-D66ECD0C5AF8}.Release|Any CPU.ActiveCfg = Release|Any CPU
		{5FFF3977-BDE0-4DC7-9B0F-D66ECD0C5AF8}.Release|Any CPU.Build.0 = Release|Any CPU
		{5FFF3977-BDE0-4DC7-9B0F-D66ECD0C5AF8}.Release|Mixed Platforms.ActiveCfg = Release|Any CPU
		{5FFF3977-BDE0-4DC7-9B0F-D66ECD0C5AF8}.Release|Mixed Platforms.Build.0 = Release|Any CPU
		{5FFF3977-BDE0-4DC7-9B0F-D66ECD0C5AF8}.Release|x86.ActiveCfg = Release|Any CPU
		{798B2FC9-2538-4F93-9AF4-D7EA102C1CE7}.Debug|Any CPU.ActiveCfg = Debug|Any CPU
		{798B2FC9-2538-4F93-9AF4-D7EA102C1CE7}.Debug|Any CPU.Build.0 = Debug|Any CPU
		{798B2FC9-2538-4F93-9AF4-D7EA102C1CE7}.Debug|Mixed Platforms.ActiveCfg = Debug|Any CPU
		{798B2FC9-2538-4F93-9AF4-D7EA102C1CE7}.Debug|Mixed Platforms.Build.0 = Debug|Any CPU
		{798B2FC9-2538-4F93-9AF4-D7EA102C1CE7}.Debug|x86.ActiveCfg = Debug|Any CPU
		{798B2FC9-2538-4F93-9AF4-D7EA102C1CE7}.Release|Any CPU.ActiveCfg = Release|Any CPU
		{798B2FC9-2538-4F93-9AF4-D7EA102C1CE7}.Release|Any CPU.Build.0 = Release|Any CPU
		{798B2FC9-2538-4F93-9AF4-D7EA102C1CE7}.Release|Mixed Platforms.ActiveCfg = Release|Any CPU
		{798B2FC9-2538-4F93-9AF4-D7EA102C1CE7}.Release|Mixed Platforms.Build.0 = Release|Any CPU
		{798B2FC9-2538-4F93-9AF4-D7EA102C1CE7}.Release|x86.ActiveCfg = Release|Any CPU
		{281244B6-DD45-45C1-850C-031EEEE50F0F}.Debug|Any CPU.ActiveCfg = Debug|Any CPU
		{281244B6-DD45-45C1-850C-031EEEE50F0F}.Debug|Any CPU.Build.0 = Debug|Any CPU
		{281244B6-DD45-45C1-850C-031EEEE50F0F}.Debug|Mixed Platforms.ActiveCfg = Debug|Any CPU
		{281244B6-DD45-45C1-850C-031EEEE50F0F}.Debug|Mixed Platforms.Build.0 = Debug|Any CPU
		{281244B6-DD45-45C1-850C-031EEEE50F0F}.Debug|x86.ActiveCfg = Debug|Any CPU
		{281244B6-DD45-45C1-850C-031EEEE50F0F}.Release|Any CPU.ActiveCfg = Release|Any CPU
		{281244B6-DD45-45C1-850C-031EEEE50F0F}.Release|Any CPU.Build.0 = Release|Any CPU
		{281244B6-DD45-45C1-850C-031EEEE50F0F}.Release|Mixed Platforms.ActiveCfg = Release|Any CPU
		{281244B6-DD45-45C1-850C-031EEEE50F0F}.Release|Mixed Platforms.Build.0 = Release|Any CPU
		{281244B6-DD45-45C1-850C-031EEEE50F0F}.Release|x86.ActiveCfg = Release|Any CPU
		{0337CE42-C1AF-44C7-96E0-91072F36D877}.Debug|Any CPU.ActiveCfg = Debug|Any CPU
		{0337CE42-C1AF-44C7-96E0-91072F36D877}.Debug|Any CPU.Build.0 = Debug|Any CPU
		{0337CE42-C1AF-44C7-96E0-91072F36D877}.Debug|Mixed Platforms.ActiveCfg = Debug|Any CPU
		{0337CE42-C1AF-44C7-96E0-91072F36D877}.Debug|Mixed Platforms.Build.0 = Debug|Any CPU
		{0337CE42-C1AF-44C7-96E0-91072F36D877}.Debug|x86.ActiveCfg = Debug|Any CPU
		{0337CE42-C1AF-44C7-96E0-91072F36D877}.Release|Any CPU.ActiveCfg = Release|Any CPU
		{0337CE42-C1AF-44C7-96E0-91072F36D877}.Release|Any CPU.Build.0 = Release|Any CPU
		{0337CE42-C1AF-44C7-96E0-91072F36D877}.Release|Mixed Platforms.ActiveCfg = Release|Any CPU
		{0337CE42-C1AF-44C7-96E0-91072F36D877}.Release|Mixed Platforms.Build.0 = Release|Any CPU
		{0337CE42-C1AF-44C7-96E0-91072F36D877}.Release|x86.ActiveCfg = Release|Any CPU
		{830D128B-8D1C-4151-A2E7-3054DBF34126}.Debug|Any CPU.ActiveCfg = Debug|x86
		{830D128B-8D1C-4151-A2E7-3054DBF34126}.Debug|Mixed Platforms.ActiveCfg = Debug|x86
		{830D128B-8D1C-4151-A2E7-3054DBF34126}.Debug|Mixed Platforms.Build.0 = Debug|x86
		{830D128B-8D1C-4151-A2E7-3054DBF34126}.Debug|x86.ActiveCfg = Debug|x86
		{830D128B-8D1C-4151-A2E7-3054DBF34126}.Debug|x86.Build.0 = Debug|x86
		{830D128B-8D1C-4151-A2E7-3054DBF34126}.Release|Any CPU.ActiveCfg = Release|x86
		{830D128B-8D1C-4151-A2E7-3054DBF34126}.Release|Mixed Platforms.ActiveCfg = Release|x86
		{830D128B-8D1C-4151-A2E7-3054DBF34126}.Release|Mixed Platforms.Build.0 = Release|x86
		{830D128B-8D1C-4151-A2E7-3054DBF34126}.Release|x86.ActiveCfg = Release|x86
		{830D128B-8D1C-4151-A2E7-3054DBF34126}.Release|x86.Build.0 = Release|x86
	EndGlobalSection
	GlobalSection(SolutionProperties) = preSolution
		HideSolutionNode = FALSE
	EndGlobalSection
	GlobalSection(NestedProjects) = preSolution
		{5FFF3977-BDE0-4DC7-9B0F-D66ECD0C5AF8} = {2B7159F2-6552-4902-BE15-C295BC3DF242}
		{281244B6-DD45-45C1-850C-031EEEE50F0F} = {2B7159F2-6552-4902-BE15-C295BC3DF242}
		{830D128B-8D1C-4151-A2E7-3054DBF34126} = {2B7159F2-6552-4902-BE15-C295BC3DF242}
	EndGlobalSection
EndGlobal
